
Microsoft Visual Studio Solution File, Format Version 12.00
# Visual Studio Version 17
VisualStudioVersion = 17.4.33213.308
MinimumVisualStudioVersion = 10.0.40219.1
Project("{FAE04EC0-301F-11D3-BF4B-00C04F79EFBC}") = "WCF_CURD_Service", "WCF_CURD_Service\WCF_CURD_Service.csproj", "{3A2BD384-6259-4E8B-9EFC-29D6C212BD30}"
EndProject
Global
	GlobalSection(SolutionConfigurationPlatforms) = preSolution
		Debug|Any CPU = Debug|Any CPU
		Release|Any CPU = Release|Any CPU
	EndGlobalSection
	GlobalSection(ProjectConfigurationPlatforms) = postSolution
		{3A2BD384-6259-4E8B-9EFC-29D6C212BD30}.Debug|Any CPU.ActiveCfg = Debug|Any CPU
		{3A2BD384-6259-4E8B-9EFC-29D6C212BD30}.Debug|Any CPU.Build.0 = Debug|Any CPU
		{3A2BD384-6259-4E8B-9EFC-29D6C212BD30}.Release|Any CPU.ActiveCfg = Release|Any CPU
		{3A2BD384-6259-4E8B-9EFC-29D6C212BD30}.Release|Any CPU.Build.0 = Release|Any CPU
	EndGlobalSection
	GlobalSection(SolutionProperties) = preSolution
		HideSolutionNode = FALSE
	EndGlobalSection
	GlobalSection(ExtensibilityGlobals) = postSolution
		SolutionGuid = {DB989BFC-84DA-4951-9254-41046DF07B52}
	EndGlobalSection
EndGlobal
